{
  "pins" : [
    {
      "identity" : "cryptoswift",
      "kind" : "remoteSourceControl",
      "location" : "https://github.com/krzyzanowskim/CryptoSwift.git",
      "state" : {
        "revision" : "7892a123f7e8d0fe62f9f03728b17bbd4f94df5c",
        "version" : "1.8.1"
      }
    },
    {
      "identity" : "epoxy-ios",
      "kind" : "remoteSourceControl",
      "location" : "https://github.com/airbnb/epoxy-ios.git",
      "state" : {
        "revision" : "fbcae5c544c11206b00874fb1edcf986a4933e66",
        "version" : "0.10.0"
      }
    },
    {
      "identity" : "ralog",
      "kind" : "remoteSourceControl",
      "location" : "https://github.com/RakuyoKit/RaLog.git",
      "state" : {
        "revision" : "08bf4dcd436143fbb082c7910254d850e20469c1",
        "version" : "1.7.2"
      }
    },
    {
      "identity" : "swift",
      "kind" : "remoteSourceControl",
      "location" : "https://github.com/RakuyoKit/swift.git",
      "state" : {
        "revision" : "48c5586f3b28bff531f067fef14898c8c862fa25",
        "version" : "1.1.3"
      }
    },
    {
      "identity" : "swift-argument-parser",
      "kind" : "remoteSourceControl",
      "location" : "https://github.com/apple/swift-argument-parser",
      "state" : {
        "revision" : "46989693916f56d1186bd59ac15124caef896560",
        "version" : "1.3.1"
      }
    },
    {
      "identity" : "then",
      "kind" : "remoteSourceControl",
      "location" : "https://github.com/devxoul/Then.git",
      "state" : {
        "revision" : "d41ef523faef0f911369f79c0b96815d9dbb6d7a",
        "version" : "3.0.0"
      }
    }
  ],
  "version" : 2
}
