// !$*UTF8*$!
{
	archiveVersion = 1;
	classes = {
	};
	objectVersion = 60;
	objects = {

/* Begin PBXBuildFile section */
		AE4B5D382BECB3EA00DAB984 /* CoreConfig+Demo.swift in Sources */ = {isa = PBXBuildFile; fileRef = AE4B5D372BECB3EA00DAB984 /* CoreConfig+Demo.swift */; };
		AE8EA1902BC6656100A26563 /* RakuyoKitDemoDependencies in Frameworks */ = {isa = PBXBuildFile; productRef = AE8EA18F2BC6656100A26563 /* RakuyoKitDemoDependencies */; };
		AECCF2A12BC63AA000D45535 /* AppDelegate.swift in Sources */ = {isa = PBXBuildFile; fileRef = AECCF2A02BC63AA000D45535 /* AppDelegate.swift */; };
		AECCF2A32BC63AA000D45535 /* SceneDelegate.swift in Sources */ = {isa = PBXBuildFile; fileRef = AECCF2A22BC63AA000D45535 /* SceneDelegate.swift */; };
		AECCF2A52BC63AA000D45535 /* ViewController.swift in Sources */ = {isa = PBXBuildFile; fileRef = AECCF2A42BC63AA000D45535 /* ViewController.swift */; };
		AECCF2A82BC63AA000D45535 /* Base in Resources */ = {isa = PBXBuildFile; fileRef = AECCF2A72BC63AA000D45535 /* Base */; };
		AECCF2AA2BC63AA100D45535 /* Assets.xcassets in Resources */ = {isa = PBXBuildFile; fileRef = AECCF2A92BC63AA100D45535 /* Assets.xcassets */; };
		AECCF2AD2BC63AA100D45535 /* Base in Resources */ = {isa = PBXBuildFile; fileRef = AECCF2AC2BC63AA100D45535 /* Base */; };
/* End PBXBuildFile section */

/* Begin PBXFileReference section */
		AE4B5D372BECB3EA00DAB984 /* CoreConfig+Demo.swift */ = {isa = PBXFileReference; lastKnownFileType = sourcecode.swift; path = "CoreConfig+Demo.swift"; sourceTree = "<group>"; };
		AECCF29D2BC63AA000D45535 /* RakuyoKitDemo.app */ = {isa = PBXFileReference; explicitFileType = wrapper.application; includeInIndex = 0; path = RakuyoKitDemo.app; sourceTree = BUILT_PRODUCTS_DIR; };
		AECCF2A02BC63AA000D45535 /* AppDelegate.swift */ = {isa = PBXFileReference; lastKnownFileType = sourcecode.swift; path = AppDelegate.swift; sourceTree = "<group>"; };
		AECCF2A22BC63AA000D45535 /* SceneDelegate.swift */ = {isa = PBXFileReference; lastKnownFileType = sourcecode.swift; path = SceneDelegate.swift; sourceTree = "<group>"; };
		AECCF2A42BC63AA000D45535 /* ViewController.swift */ = {isa = PBXFileReference; lastKnownFileType = sourcecode.swift; path = ViewController.swift; sourceTree = "<group>"; };
		AECCF2A72BC63AA000D45535 /* Base */ = {isa = PBXFileReference; lastKnownFileType = file.storyboard; name = Base; path = Base.lproj/Main.storyboard; sourceTree = "<group>"; };
		AECCF2A92BC63AA100D45535 /* Assets.xcassets */ = {isa = PBXFileReference; lastKnownFileType = folder.assetcatalog; path = Assets.xcassets; sourceTree = "<group>"; };
		AECCF2AC2BC63AA100D45535 /* Base */ = {isa = PBXFileReference; lastKnownFileType = file.storyboard; name = Base; path = Base.lproj/LaunchScreen.storyboard; sourceTree = "<group>"; };
		AECCF2AE2BC63AA100D45535 /* Info.plist */ = {isa = PBXFileReference; lastKnownFileType = text.plist.xml; path = Info.plist; sourceTree = "<group>"; };
/* End PBXFileReference section */

/* Begin PBXFrameworksBuildPhase section */
		AECCF29A2BC63AA000D45535 /* Frameworks */ = {
			isa = PBXFrameworksBuildPhase;
			buildActionMask = 2147483647;
			files = (
				AE8EA1902BC6656100A26563 /* RakuyoKitDemoDependencies in Frameworks */,
			);
			runOnlyForDeploymentPostprocessing = 0;
		};
/* End PBXFrameworksBuildPhase section */

/* Begin PBXGroup section */
		AECCF2942BC63AA000D45535 = {
			isa = PBXGroup;
			children = (
				AECCF29F2BC63AA000D45535 /* RakuyoKitDemo */,
				AECCF29E2BC63AA000D45535 /* Products */,
				AEF8F7192BC65EB000870163 /* Frameworks */,
			);
			sourceTree = "<group>";
		};
		AECCF29E2BC63AA000D45535 /* Products */ = {
			isa = PBXGroup;
			children = (
				AECCF29D2BC63AA000D45535 /* RakuyoKitDemo.app */,
			);
			name = Products;
			sourceTree = "<group>";
		};
		AECCF29F2BC63AA000D45535 /* RakuyoKitDemo */ = {
			isa = PBXGroup;
			children = (
				AECCF2A02BC63AA000D45535 /* AppDelegate.swift */,
				AECCF2A22BC63AA000D45535 /* SceneDelegate.swift */,
				AECCF2A42BC63AA000D45535 /* ViewController.swift */,
				AECCF2A62BC63AA000D45535 /* Main.storyboard */,
				AECCF2A92BC63AA100D45535 /* Assets.xcassets */,
				AECCF2AB2BC63AA100D45535 /* LaunchScreen.storyboard */,
				AECCF2AE2BC63AA100D45535 /* Info.plist */,
				AE4B5D372BECB3EA00DAB984 /* CoreConfig+Demo.swift */,
			);
			path = RakuyoKitDemo;
			sourceTree = "<group>";
		};
		AEF8F7192BC65EB000870163 /* Frameworks */ = {
			isa = PBXGroup;
			children = (
			);
			name = Frameworks;
			sourceTree = "<group>";
		};
/* End PBXGroup section */

/* Begin PBXNativeTarget section */
		AECCF29C2BC63AA000D45535 /* RakuyoKitDemo */ = {
			isa = PBXNativeTarget;
			buildConfigurationList = AECCF2B12BC63AA100D45535 /* Build configuration list for PBXNativeTarget "RakuyoKitDemo" */;
			buildPhases = (
				AECCF2992BC63AA000D45535 /* Sources */,
				AECCF29A2BC63AA000D45535 /* Frameworks */,
				AECCF29B2BC63AA000D45535 /* Resources */,
			);
			buildRules = (
			);
			dependencies = (
			);
			name = RakuyoKitDemo;
			packageProductDependencies = (
				AE8EA18F2BC6656100A26563 /* RakuyoKitDemoDependencies */,
			);
			productName = RakuyoKitDemo;
			productReference = AECCF29D2BC63AA000D45535 /* RakuyoKitDemo.app */;
			productType = "com.apple.product-type.application";
		};
/* End PBXNativeTarget section */

/* Begin PBXProject section */
		AECCF2952BC63AA000D45535 /* Project object */ = {
			isa = PBXProject;
			attributes = {
				BuildIndependentTargetsInParallel = 1;
				LastSwiftUpdateCheck = 1530;
				LastUpgradeCheck = 1530;
				TargetAttributes = {
					AECCF29C2BC63AA000D45535 = {
						CreatedOnToolsVersion = 15.3;
					};
				};
			};
			buildConfigurationList = AECCF2982BC63AA000D45535 /* Build configuration list for PBXProject "RakuyoKitDemo" */;
			compatibilityVersion = "Xcode 14.0";
			developmentRegion = en;
			hasScannedForEncodings = 0;
			knownRegions = (
				en,
				Base,
			);
			mainGroup = AECCF2942BC63AA000D45535;
			packageReferences = (
				AE8EA18E2BC65FC100A26563 /* XCLocalSwiftPackageReference "../DemoDependencies" */,
			);
			productRefGroup = AECCF29E2BC63AA000D45535 /* Products */;
			projectDirPath = "";
			projectRoot = "";
			targets = (
				AECCF29C2BC63AA000D45535 /* RakuyoKitDemo */,
			);
		};
/* End PBXProject section */

/* Begin PBXResourcesBuildPhase section */
		AECCF29B2BC63AA000D45535 /* Resources */ = {
			isa = PBXResourcesBuildPhase;
			buildActionMask = 2147483647;
			files = (
				AECCF2AA2BC63AA100D45535 /* Assets.xcassets in Resources */,
				AECCF2AD2BC63AA100D45535 /* Base in Resources */,
				AECCF2A82BC63AA000D45535 /* Base in Resources */,
			);
			runOnlyForDeploymentPostprocessing = 0;
		};
/* End PBXResourcesBuildPhase section */

/* Begin PBXSourcesBuildPhase section */
		AECCF2992BC63AA000D45535 /* Sources */ = {
			isa = PBXSourcesBuildPhase;
			buildActionMask = 2147483647;
			files = (
				AECCF2A52BC63AA000D45535 /* ViewController.swift in Sources */,
				AECCF2A12BC63AA000D45535 /* AppDelegate.swift in Sources */,
				AECCF2A32BC63AA000D45535 /* SceneDelegate.swift in Sources */,
				AE4B5D382BECB3EA00DAB984 /* CoreConfig+Demo.swift in Sources */,
			);
			runOnlyForDeploymentPostprocessing = 0;
		};
/* End PBXSourcesBuildPhase section */

/* Begin PBXVariantGroup section */
		AECCF2A62BC63AA000D45535 /* Main.storyboard */ = {
			isa = PBXVariantGroup;
			children = (
				AECCF2A72BC63AA000D45535 /* Base */,
			);
			name = Main.storyboard;
			sourceTree = "<group>";
		};
		AECCF2AB2BC63AA100D45535 /* LaunchScreen.storyboard */ = {
			isa = PBXVariantGroup;
			children = (
				AECCF2AC2BC63AA100D45535 /* Base */,
			);
			name = LaunchScreen.storyboard;
			sourceTree = "<group>";
		};
/* End PBXVariantGroup section */

/* Begin XCBuildConfiguration section */
		AECCF2AF2BC63AA100D45535 /* Debug */ = {
			isa = XCBuildConfiguration;
			buildSettings = {
				ALWAYS_SEARCH_USER_PATHS = NO;
				ASSETCATALOG_COMPILER_GENERATE_SWIFT_ASSET_SYMBOL_EXTENSIONS = YES;
				CLANG_ANALYZER_NONNULL = YES;
				CLANG_ANALYZER_NUMBER_OBJECT_CONVERSION = YES_AGGRESSIVE;
				CLANG_CXX_LANGUAGE_STANDARD = "gnu++20";
				CLANG_ENABLE_MODULES = YES;
				CLANG_ENABLE_OBJC_ARC = YES;
				CLANG_ENABLE_OBJC_WEAK = YES;
				CLANG_WARN_BLOCK_CAPTURE_AUTORELEASING = YES;
				CLANG_WARN_BOOL_CONVERSION = YES;
				CLANG_WARN_COMMA = YES;
				CLANG_WARN_CONSTANT_CONVERSION = YES;
				CLANG_WARN_DEPRECATED_OBJC_IMPLEMENTATIONS = YES;
				CLANG_WARN_DIRECT_OBJC_ISA_USAGE = YES_ERROR;
				CLANG_WARN_DOCUMENTATION_COMMENTS = YES;
				CLANG_WARN_EMPTY_BODY = YES;
				CLANG_WARN_ENUM_CONVERSION = YES;
				CLANG_WARN_INFINITE_RECURSION = YES;
				CLANG_WARN_INT_CONVERSION = YES;
				CLANG_WARN_NON_LITERAL_NULL_CONVERSION = YES;
				CLANG_WARN_OBJC_IMPLICIT_RETAIN_SELF = YES;
				CLANG_WARN_OBJC_LITERAL_CONVERSION = YES;
				CLANG_WARN_OBJC_ROOT_CLASS = YES_ERROR;
				CLANG_WARN_QUOTED_INCLUDE_IN_FRAMEWORK_HEADER = YES;
				CLANG_WARN_RANGE_LOOP_ANALYSIS = YES;
				CLANG_WARN_STRICT_PROTOTYPES = YES;
				CLANG_WARN_SUSPICIOUS_MOVE = YES;
				CLANG_WARN_UNGUARDED_AVAILABILITY = YES_AGGRESSIVE;
				CLANG_WARN_UNREACHABLE_CODE = YES;
				CLANG_WARN__DUPLICATE_METHOD_MATCH = YES;
				COPY_PHASE_STRIP = NO;
				DEBUG_INFORMATION_FORMAT = dwarf;
				ENABLE_STRICT_OBJC_MSGSEND = YES;
				ENABLE_TESTABILITY = YES;
				ENABLE_USER_SCRIPT_SANDBOXING = YES;
				GCC_C_LANGUAGE_STANDARD = gnu17;
				GCC_DYNAMIC_NO_PIC = NO;
				GCC_NO_COMMON_BLOCKS = YES;
				GCC_OPTIMIZATION_LEVEL = 0;
				GCC_PREPROCESSOR_DEFINITIONS = (
					"DEBUG=1",
					"$(inherited)",
				);
				GCC_WARN_64_TO_32_BIT_CONVERSION = YES;
				GCC_WARN_ABOUT_RETURN_TYPE = YES_ERROR;
				GCC_WARN_UNDECLARED_SELECTOR = YES;
				GCC_WARN_UNINITIALIZED_AUTOS = YES_AGGRESSIVE;
				GCC_WARN_UNUSED_FUNCTION = YES;
				GCC_WARN_UNUSED_VARIABLE = YES;
				IPHONEOS_DEPLOYMENT_TARGET = 17.4;
				LOCALIZATION_PREFERS_STRING_CATALOGS = YES;
				MTL_ENABLE_DEBUG_INFO = INCLUDE_SOURCE;
				MTL_FAST_MATH = YES;
				ONLY_ACTIVE_ARCH = YES;
				SDKROOT = iphoneos;
				SWIFT_ACTIVE_COMPILATION_CONDITIONS = "DEBUG $(inherited)";
				SWIFT_OPTIMIZATION_LEVEL = "-Onone";
			};
			name = Debug;
		};
		AECCF2B02BC63AA100D45535 /* Release */ = {
			isa = XCBuildConfiguration;
			buildSettings = {
				ALWAYS_SEARCH_USER_PATHS = NO;
				ASSETCATALOG_COMPILER_GENERATE_SWIFT_ASSET_SYMBOL_EXTENSIONS = YES;
				CLANG_ANALYZER_NONNULL = YES;
				CLANG_ANALYZER_NUMBER_OBJECT_CONVERSION = YES_AGGRESSIVE;
				CLANG_CXX_LANGUAGE_STANDARD = "gnu++20";
				CLANG_ENABLE_MODULES = YES;
				CLANG_ENABLE_OBJC_ARC = YES;
				CLANG_ENABLE_OBJC_WEAK = YES;
				CLANG_WARN_BLOCK_CAPTURE_AUTORELEASING = YES;
				CLANG_WARN_BOOL_CONVERSION = YES;
				CLANG_WARN_COMMA = YES;
				CLANG_WARN_CONSTANT_CONVERSION = YES;
				CLANG_WARN_DEPRECATED_OBJC_IMPLEMENTATIONS = YES;
				CLANG_WARN_DIRECT_OBJC_ISA_USAGE = YES_ERROR;
				CLANG_WARN_DOCUMENTATION_COMMENTS = YES;
				CLANG_WARN_EMPTY_BODY = YES;
				CLANG_WARN_ENUM_CONVERSION = YES;
				CLANG_WARN_INFINITE_RECURSION = YES;
				CLANG_WARN_INT_CONVERSION = YES;
				CLANG_WARN_NON_LITERAL_NULL_CONVERSION = YES;
				CLANG_WARN_OBJC_IMPLICIT_RETAIN_SELF = YES;
				CLANG_WARN_OBJC_LITERAL_CONVERSION = YES;
				CLANG_WARN_OBJC_ROOT_CLASS = YES_ERROR;
				CLANG_WARN_QUOTED_INCLUDE_IN_FRAMEWORK_HEADER = YES;
				CLANG_WARN_RANGE_LOOP_ANALYSIS = YES;
				CLANG_WARN_STRICT_PROTOTYPES = YES;
				CLANG_WARN_SUSPICIOUS_MOVE = YES;
				CLANG_WARN_UNGUARDED_AVAILABILITY = YES_AGGRESSIVE;
				CLANG_WARN_UNREACHABLE_CODE = YES;
				CLANG_WARN__DUPLICATE_METHOD_MATCH = YES;
				COPY_PHASE_STRIP = NO;
				DEBUG_INFORMATION_FORMAT = "dwarf-with-dsym";
				ENABLE_NS_ASSERTIONS = NO;
				ENABLE_STRICT_OBJC_MSGSEND = YES;
				ENABLE_USER_SCRIPT_SANDBOXING = YES;
				GCC_C_LANGUAGE_STANDARD = gnu17;
				GCC_NO_COMMON_BLOCKS = YES;
				GCC_WARN_64_TO_32_BIT_CONVERSION = YES;
				GCC_WARN_ABOUT_RETURN_TYPE = YES_ERROR;
				GCC_WARN_UNDECLARED_SELECTOR = YES;
				GCC_WARN_UNINITIALIZED_AUTOS = YES_AGGRESSIVE;
				GCC_WARN_UNUSED_FUNCTION = YES;
				GCC_WARN_UNUSED_VARIABLE = YES;
				IPHONEOS_DEPLOYMENT_TARGET = 17.4;
				LOCALIZATION_PREFERS_STRING_CATALOGS = YES;
				MTL_ENABLE_DEBUG_INFO = NO;
				MTL_FAST_MATH = YES;
				SDKROOT = iphoneos;
				SWIFT_COMPILATION_MODE = wholemodule;
				VALIDATE_PRODUCT = YES;
			};
			name = Release;
		};
		AECCF2B22BC63AA100D45535 /* Debug */ = {
			isa = XCBuildConfiguration;
			buildSettings = {
				ASSETCATALOG_COMPILER_APPICON_NAME = AppIcon;
				ASSETCATALOG_COMPILER_GLOBAL_ACCENT_COLOR_NAME = AccentColor;
				CODE_SIGN_STYLE = Automatic;
				CURRENT_PROJECT_VERSION = 1;
				GENERATE_INFOPLIST_FILE = YES;
				INFOPLIST_FILE = RakuyoKitDemo/Info.plist;
				INFOPLIST_KEY_UIApplicationSupportsIndirectInputEvents = YES;
				INFOPLIST_KEY_UILaunchStoryboardName = LaunchScreen;
				INFOPLIST_KEY_UIMainStoryboardFile = Main;
				INFOPLIST_KEY_UISupportedInterfaceOrientations_iPad = "UIInterfaceOrientationPortrait UIInterfaceOrientationPortraitUpsideDown UIInterfaceOrientationLandscapeLeft UIInterfaceOrientationLandscapeRight";
				INFOPLIST_KEY_UISupportedInterfaceOrientations_iPhone = "UIInterfaceOrientationPortrait UIInterfaceOrientationLandscapeLeft UIInterfaceOrientationLandscapeRight";
				IPHONEOS_DEPLOYMENT_TARGET = 13.0;
				LD_RUNPATH_SEARCH_PATHS = (
					"$(inherited)",
					"@executable_path/Frameworks",
				);
				MARKETING_VERSION = 1.0;
				PRODUCT_BUNDLE_IDENTIFIER = com.rakuyo.RakuyoKitDemo;
				PRODUCT_NAME = "$(TARGET_NAME)";
				SWIFT_EMIT_LOC_STRINGS = YES;
				SWIFT_VERSION = 5.0;
				TARGETED_DEVICE_FAMILY = "1,2";
			};
			name = Debug;
		};
		AECCF2B32BC63AA100D45535 /* Release */ = {
			isa = XCBuildConfiguration;
			buildSettings = {
				ASSETCATALOG_COMPILER_APPICON_NAME = AppIcon;
				ASSETCATALOG_COMPILER_GLOBAL_ACCENT_COLOR_NAME = AccentColor;
				CODE_SIGN_STYLE = Automatic;
				CURRENT_PROJECT_VERSION = 1;
				GENERATE_INFOPLIST_FILE = YES;
				INFOPLIST_FILE = RakuyoKitDemo/Info.plist;
				INFOPLIST_KEY_UIApplicationSupportsIndirectInputEvents = YES;
				INFOPLIST_KEY_UILaunchStoryboardName = LaunchScreen;
				INFOPLIST_KEY_UIMainStoryboardFile = Main;
				INFOPLIST_KEY_UISupportedInterfaceOrientations_iPad = "UIInterfaceOrientationPortrait UIInterfaceOrientationPortraitUpsideDown UIInterfaceOrientationLandscapeLeft UIInterfaceOrientationLandscapeRight";
				INFOPLIST_KEY_UISupportedInterfaceOrientations_iPhone = "UIInterfaceOrientationPortrait UIInterfaceOrientationLandscapeLeft UIInterfaceOrientationLandscapeRight";
				IPHONEOS_DEPLOYMENT_TARGET = 13.0;
				LD_RUNPATH_SEARCH_PATHS = (
					"$(inherited)",
					"@executable_path/Frameworks",
				);
				MARKETING_VERSION = 1.0;
				PRODUCT_BUNDLE_IDENTIFIER = com.rakuyo.RakuyoKitDemo;
				PRODUCT_NAME = "$(TARGET_NAME)";
				SWIFT_EMIT_LOC_STRINGS = YES;
				SWIFT_VERSION = 5.0;
				TARGETED_DEVICE_FAMILY = "1,2";
			};
			name = Release;
		};
/* End XCBuildConfiguration section */

/* Begin XCConfigurationList section */
		AECCF2982BC63AA000D45535 /* Build configuration list for PBXProject "RakuyoKitDemo" */ = {
			isa = XCConfigurationList;
			buildConfigurations = (
				AECCF2AF2BC63AA100D45535 /* Debug */,
				AECCF2B02BC63AA100D45535 /* Release */,
			);
			defaultConfigurationIsVisible = 0;
			defaultConfigurationName = Release;
		};
		AECCF2B12BC63AA100D45535 /* Build configuration list for PBXNativeTarget "RakuyoKitDemo" */ = {
			isa = XCConfigurationList;
			buildConfigurations = (
				AECCF2B22BC63AA100D45535 /* Debug */,
				AECCF2B32BC63AA100D45535 /* Release */,
			);
			defaultConfigurationIsVisible = 0;
			defaultConfigurationName = Release;
		};
/* End XCConfigurationList section */

/* Begin XCLocalSwiftPackageReference section */
		AE8EA18E2BC65FC100A26563 /* XCLocalSwiftPackageReference "../DemoDependencies" */ = {
			isa = XCLocalSwiftPackageReference;
			relativePath = ../DemoDependencies;
		};
/* End XCLocalSwiftPackageReference section */

/* Begin XCSwiftPackageProductDependency section */
		AE8EA18F2BC6656100A26563 /* RakuyoKitDemoDependencies */ = {
			isa = XCSwiftPackageProductDependency;
			package = AE8EA18E2BC65FC100A26563 /* XCLocalSwiftPackageReference "../DemoDependencies" */;
			productName = RakuyoKitDemoDependencies;
		};
/* End XCSwiftPackageProductDependency section */
	};
	rootObject = AECCF2952BC63AA000D45535 /* Project object */;
}
